github.com/DATA-DOG/go-sqlmock v1.5.0 h1:Shsta01QNfFxHCfpW6YH2STWB0MudeXXEWMr20OEh60=
github.com/DATA-DOG/go-sqlmock v1.5.0/go.mod h1:f/Ixk793poVmq4qj/V1dPUg2JEAKC73Q5eFN3EC/SaM=
github.com/SAP/go-hdb v0.110.1 h1://Eh9iEirV/zUaUqKb4MIAsHD0QG8v8tQUT2+W0qH38=
github.com/SAP/go-hdb v0.110.1/go.mod h1:W4osEF/068aRqpQsbzUOZ/Cvxx1lkP0iJFTNqiVcUF4=
golang.org/x/crypto v0.1.0 h1:MDRAIl0xIo9Io2xV565hzXHw3zVseKrJKodhohM5CjU=
golang.org/x/crypto v0.1.0/go.mod h1:RecgLatLF4+eUMCP1PoPZQb+cVrJcOPbHkTkbkB9sbw=
golang.org/x/exp v0.0.0-20221028150844-83b7d23a625f h1:Al51T6tzvuh3oiwX11vex3QgJ2XTedFPGmbEVh8cdoc=
golang.org/x/exp v0.0.0-20221028150844-83b7d23a625f/go.mod h1:CxIveKay+FTh1D0yPZemJVgC/95VzuuOLq5Qi4xnoYc=
golang.org/x/text v0.4.0 h1:BrVqGRd7+k1DiOgtnFvAkoQEWQvBc25ouMJM6429SFg=
golang.org/x/text v0.4.0/go.mod h1:mrYo+phRRbMaCq/xk9113O4dZlRixOauAjOtrjsXDZ8=
